<?xml version="1.0" encoding="utf-8"?>
<Project ToolsVersion="4.0" xmlns="http://schemas.microsoft.com/developer/msbuild/2003">
  <ItemGroup>
    <Filter Include="Source Files">
      <UniqueIdentifier>{0a55ab82-0337-4b0d-8352-99565ad2a267}</UniqueIdentifier>
      <Extensions>cpp;c;cxx;rc;def;r;odl;idl;hpj;bat</Extensions>
    </Filter>
    <Filter Include="Header Files">
      <UniqueIdentifier>{199d8d9b-7ba6-49de-ac28-06c0988dcb04}</UniqueIdentifier>
      <Extensions>h;hpp;hxx;hm;inl</Extensions>
    </Filter>
    <Filter Include="Resource Files">
      <UniqueIdentifier>{3fb1928a-12cc-4163-a8ca-a2270d48f254}</UniqueIdentifier>
      <Extensions>ico;cur;bmp;dlg;rc2;rct;bin;rgs;gif;jpg;jpeg;jpe</Extensions>
    </Filter>
  </ItemGroup>
  <ItemGroup>
    <ClCompile Include="lz77.cpp">
      <Filter>Source Files</Filter>
    </ClCompile>
    <ClCompile Include="mdtt.cpp">
      <Filter>Source Files</Filter>
    </ClCompile>
    <ClCompile Include="tgApp.cpp">
      <Filter>Source Files</Filter>
    </ClCompile>
    <ClCompile Include="tgImgPlugin.cpp">
      <Filter>Source Files</Filter>
    </ClCompile>
    <ClCompile Include="tgOutputPlugin.cpp">
      <Filter>Source Files</Filter>
    </ClCompile>
    <ClCompile Include="tgPlugin.cpp">
      <Filter>Source Files</Filter>
    </ClCompile>
    <ClCompile Include="tgTools.cpp">
      <Filter>Source Files</Filter>
    </ClCompile>
  </ItemGroup>
  <ItemGroup>
    <ClInclude Include="lz77.h">
      <Filter>Header Files</Filter>
    </ClInclude>
    <ClInclude Include="mdttSDK.h">
      <Filter>Header Files</Filter>
    </ClInclude>
    <ClInclude Include="Nemesis.h">
      <Filter>Header Files</Filter>
    </ClInclude>
    <ClInclude Include="tgApp.h">
      <Filter>Header Files</Filter>
    </ClInclude>
    <ClInclude Include="tgImgPlugin.h">
      <Filter>Header Files</Filter>
    </ClInclude>
    <ClInclude Include="tgList.h">
      <Filter>Header Files</Filter>
    </ClInclude>
    <ClInclude Include="tgOutputPlugin.h">
      <Filter>Header Files</Filter>
    </ClInclude>
    <ClInclude Include="tgPlugin.h">
      <Filter>Header Files</Filter>
    </ClInclude>
    <ClInclude Include="tgPluginsList.h">
      <Filter>Header Files</Filter>
    </ClInclude>
    <ClInclude Include="tgTools.h">
      <Filter>Header Files</Filter>
    </ClInclude>
  </ItemGroup>
</Project>